// !$*UTF8*$!
{
	archiveVersion = 1;
	classes = {
	};
	objectVersion = 46;
	objects = {

/* Begin PBXBuildFile section */
		2E2BBD8E1E7D9C950068DAF1 /* PreferencesWindow.swift in Sources */ = {isa = PBXBuildFile; fileRef = 2E2BBD8C1E7D9C950068DAF1 /* PreferencesWindow.swift */; };
		2E2BBD8F1E7D9C950068DAF1 /* PreferencesWindow.xib in Resources */ = {isa = PBXBuildFile; fileRef = 2E2BBD8D1E7D9C950068DAF1 /* PreferencesWindow.xib */; };
		2EE31F6C1E7A99450093116F /* AppDelegate.swift in Sources */ = {isa = PBXBuildFile; fileRef = 2EE31F6B1E7A99450093116F /* AppDelegate.swift */; };
		2EE31F6E1E7A99450093116F /* Assets.xcassets in Resources */ = {isa = PBXBuildFile; fileRef = 2EE31F6D1E7A99450093116F /* Assets.xcassets */; };
		2EE31F711E7A99450093116F /* MainMenu.xib in Resources */ = {isa = PBXBuildFile; fileRef = 2EE31F6F1E7A99450093116F /* MainMenu.xib */; };
		2EE31F7C1E7A99450093116F /* ProcessChecker_MenubarTests.swift in Sources */ = {isa = PBXBuildFile; fileRef = 2EE31F7B1E7A99450093116F /* ProcessChecker_MenubarTests.swift */; };
		2EE31F871E7A99450093116F /* ProcessChecker_MenubarUITests.swift in Sources */ = {isa = PBXBuildFile; fileRef = 2EE31F861E7A99450093116F /* ProcessChecker_MenubarUITests.swift */; };
		2EE31F951E7A9CFD0093116F /* StatusMenuController.swift in Sources */ = {isa = PBXBuildFile; fileRef = 2EE31F941E7A9CFD0093116F /* StatusMenuController.swift */; };
		2EE31F971E7AA0AC0093116F /* ProcessChecker.swift in Sources */ = {isa = PBXBuildFile; fileRef = 2EE31F961E7AA0AC0093116F /* ProcessChecker.swift */; };
/* End PBXBuildFile section */

/* Begin PBXContainerItemProxy section */
		2EE31F781E7A99450093116F /* PBXContainerItemProxy */ = {
			isa = PBXContainerItemProxy;
			containerPortal = 2EE31F601E7A99440093116F /* Project object */;
			proxyType = 1;
			remoteGlobalIDString = 2EE31F671E7A99450093116F;
			remoteInfo = ProcessChecker_Menubar;
		};
		2EE31F831E7A99450093116F /* PBXContainerItemProxy */ = {
			isa = PBXContainerItemProxy;
			containerPortal = 2EE31F601E7A99440093116F /* Project object */;
			proxyType = 1;
			remoteGlobalIDString = 2EE31F671E7A99450093116F;
			remoteInfo = ProcessChecker_Menubar;
		};
/* End PBXContainerItemProxy section */

/* Begin PBXFileReference section */
		2E2BBD8C1E7D9C950068DAF1 /* PreferencesWindow.swift */ = {isa = PBXFileReference; fileEncoding = 4; lastKnownFileType = sourcecode.swift; path = PreferencesWindow.swift; sourceTree = "<group>"; };
		2E2BBD8D1E7D9C950068DAF1 /* PreferencesWindow.xib */ = {isa = PBXFileReference; fileEncoding = 4; lastKnownFileType = file.xib; path = PreferencesWindow.xib; sourceTree = "<group>"; };
		2EE31F681E7A99450093116F /* ProcessChecker_Menubar.app */ = {isa = PBXFileReference; explicitFileType = wrapper.application; includeInIndex = 0; path = ProcessChecker_Menubar.app; sourceTree = BUILT_PRODUCTS_DIR; };
		2EE31F6B1E7A99450093116F /* AppDelegate.swift */ = {isa = PBXFileReference; lastKnownFileType = sourcecode.swift; path = AppDelegate.swift; sourceTree = "<group>"; };
		2EE31F6D1E7A99450093116F /* Assets.xcassets */ = {isa = PBXFileReference; lastKnownFileType = folder.assetcatalog; path = Assets.xcassets; sourceTree = "<group>"; };
		2EE31F701E7A99450093116F /* Base */ = {isa = PBXFileReference; lastKnownFileType = file.xib; name = Base; path = Base.lproj/MainMenu.xib; sourceTree = "<group>"; };
		2EE31F721E7A99450093116F /* Info.plist */ = {isa = PBXFileReference; lastKnownFileType = text.plist.xml; path = Info.plist; sourceTree = "<group>"; };
		2EE31F771E7A99450093116F /* ProcessChecker_MenubarTests.xctest */ = {isa = PBXFileReference; explicitFileType = wrapper.cfbundle; includeInIndex = 0; path = ProcessChecker_MenubarTests.xctest; sourceTree = BUILT_PRODUCTS_DIR; };
		2EE31F7B1E7A99450093116F /* ProcessChecker_MenubarTests.swift */ = {isa = PBXFileReference; lastKnownFileType = sourcecode.swift; path = ProcessChecker_MenubarTests.swift; sourceTree = "<group>"; };
		2EE31F7D1E7A99450093116F /* Info.plist */ = {isa = PBXFileReference; lastKnownFileType = text.plist.xml; path = Info.plist; sourceTree = "<group>"; };
		2EE31F821E7A99450093116F /* ProcessChecker_MenubarUITests.xctest */ = {isa = PBXFileReference; explicitFileType = wrapper.cfbundle; includeInIndex = 0; path = ProcessChecker_MenubarUITests.xctest; sourceTree = BUILT_PRODUCTS_DIR; };
		2EE31F861E7A99450093116F /* ProcessChecker_MenubarUITests.swift */ = {isa = PBXFileReference; lastKnownFileType = sourcecode.swift; path = ProcessChecker_MenubarUITests.swift; sourceTree = "<group>"; };
		2EE31F881E7A99450093116F /* Info.plist */ = {isa = PBXFileReference; lastKnownFileType = text.plist.xml; path = Info.plist; sourceTree = "<group>"; };
		2EE31F941E7A9CFD0093116F /* StatusMenuController.swift */ = {isa = PBXFileReference; fileEncoding = 4; lastKnownFileType = sourcecode.swift; path = StatusMenuController.swift; sourceTree = "<group>"; };
		2EE31F961E7AA0AC0093116F /* ProcessChecker.swift */ = {isa = PBXFileReference; fileEncoding = 4; lastKnownFileType = sourcecode.swift; path = ProcessChecker.swift; sourceTree = "<group>"; };
/* End PBXFileReference section */

/* Begin PBXFrameworksBuildPhase section */
		2EE31F651E7A99450093116F /* Frameworks */ = {
			isa = PBXFrameworksBuildPhase;
			buildActionMask = 2147483647;
			files = (
			);
			runOnlyForDeploymentPostprocessing = 0;
		};
		2EE31F741E7A99450093116F /* Frameworks */ = {
			isa = PBXFrameworksBuildPhase;
			buildActionMask = 2147483647;
			files = (
			);
			runOnlyForDeploymentPostprocessing = 0;
		};
		2EE31F7F1E7A99450093116F /* Frameworks */ = {
			isa = PBXFrameworksBuildPhase;
			buildActionMask = 2147483647;
			files = (
			);
			runOnlyForDeploymentPostprocessing = 0;
		};
/* End PBXFrameworksBuildPhase section */

/* Begin PBXGroup section */
		2EE31F5F1E7A99440093116F = {
			isa = PBXGroup;
			children = (
				2EE31F6A1E7A99450093116F /* ProcessChecker_Menubar */,
				2EE31F7A1E7A99450093116F /* ProcessChecker_MenubarTests */,
				2EE31F851E7A99450093116F /* ProcessChecker_MenubarUITests */,
				2EE31F691E7A99450093116F /* Products */,
			);
			sourceTree = "<group>";
		};
		2EE31F691E7A99450093116F /* Products */ = {
			isa = PBXGroup;
			children = (
				2EE31F681E7A99450093116F /* ProcessChecker_Menubar.app */,
				2EE31F771E7A99450093116F /* ProcessChecker_MenubarTests.xctest */,
				2EE31F821E7A99450093116F /* ProcessChecker_MenubarUITests.xctest */,
			);
			name = Products;
			sourceTree = "<group>";
		};
		2EE31F6A1E7A99450093116F /* ProcessChecker_Menubar */ = {
			isa = PBXGroup;
			children = (
				2EE31F6B1E7A99450093116F /* AppDelegate.swift */,
				2EE31F961E7AA0AC0093116F /* ProcessChecker.swift */,
				2EE31F941E7A9CFD0093116F /* StatusMenuController.swift */,
				2EE31F6D1E7A99450093116F /* Assets.xcassets */,
				2EE31F6F1E7A99450093116F /* MainMenu.xib */,
				2E2BBD8C1E7D9C950068DAF1 /* PreferencesWindow.swift */,
				2E2BBD8D1E7D9C950068DAF1 /* PreferencesWindow.xib */,
				2EE31F721E7A99450093116F /* Info.plist */,
			);
			path = ProcessChecker_Menubar;
			sourceTree = "<group>";
		};
		2EE31F7A1E7A99450093116F /* ProcessChecker_MenubarTests */ = {
			isa = PBXGroup;
			children = (
				2EE31F7B1E7A99450093116F /* ProcessChecker_MenubarTests.swift */,
				2EE31F7D1E7A99450093116F /* Info.plist */,
			);
			path = ProcessChecker_MenubarTests;
			sourceTree = "<group>";
		};
		2EE31F851E7A99450093116F /* ProcessChecker_MenubarUITests */ = {
			isa = PBXGroup;
			children = (
				2EE31F861E7A99450093116F /* ProcessChecker_MenubarUITests.swift */,
				2EE31F881E7A99450093116F /* Info.plist */,
			);
			path = ProcessChecker_MenubarUITests;
			sourceTree = "<group>";
		};
/* End PBXGroup section */

/* Begin PBXNativeTarget section */
		2EE31F671E7A99450093116F /* ProcessChecker_Menubar */ = {
			isa = PBXNativeTarget;
			buildConfigurationList = 2EE31F8B1E7A99450093116F /* Build configuration list for PBXNativeTarget "ProcessChecker_Menubar" */;
			buildPhases = (
				2EE31F641E7A99450093116F /* Sources */,
				2EE31F651E7A99450093116F /* Frameworks */,
				2EE31F661E7A99450093116F /* Resources */,
			);
			buildRules = (
			);
			dependencies = (
			);
			name = ProcessChecker_Menubar;
			productName = ProcessChecker_Menubar;
			productReference = 2EE31F681E7A99450093116F /* ProcessChecker_Menubar.app */;
			productType = "com.apple.product-type.application";
		};
		2EE31F761E7A99450093116F /* ProcessChecker_MenubarTests */ = {
			isa = PBXNativeTarget;
			buildConfigurationList = 2EE31F8E1E7A99450093116F /* Build configuration list for PBXNativeTarget "ProcessChecker_MenubarTests" */;
			buildPhases = (
				2EE31F731E7A99450093116F /* Sources */,
				2EE31F741E7A99450093116F /* Frameworks */,
				2EE31F751E7A99450093116F /* Resources */,
			);
			buildRules = (
			);
			dependencies = (
				2EE31F791E7A99450093116F /* PBXTargetDependency */,
			);
			name = ProcessChecker_MenubarTests;
			productName = ProcessChecker_MenubarTests;
			productReference = 2EE31F771E7A99450093116F /* ProcessChecker_MenubarTests.xctest */;
			productType = "com.apple.product-type.bundle.unit-test";
		};
		2EE31F811E7A99450093116F /* ProcessChecker_MenubarUITests */ = {
			isa = PBXNativeTarget;
			buildConfigurationList = 2EE31F911E7A99450093116F /* Build configuration list for PBXNativeTarget "ProcessChecker_MenubarUITests" */;
			buildPhases = (
				2EE31F7E1E7A99450093116F /* Sources */,
				2EE31F7F1E7A99450093116F /* Frameworks */,
				2EE31F801E7A99450093116F /* Resources */,
			);
			buildRules = (
			);
			dependencies = (
				2EE31F841E7A99450093116F /* PBXTargetDependency */,
			);
			name = ProcessChecker_MenubarUITests;
			productName = ProcessChecker_MenubarUITests;
			productReference = 2EE31F821E7A99450093116F /* ProcessChecker_MenubarUITests.xctest */;
			productType = "com.apple.product-type.bundle.ui-testing";
		};
/* End PBXNativeTarget section */

/* Begin PBXProject section */
		2EE31F601E7A99440093116F /* Project object */ = {
			isa = PBXProject;
			attributes = {
				LastSwiftUpdateCheck = 0820;
				LastUpgradeCheck = 0820;
				ORGANIZATIONNAME = "Frederik Tollund Juutilainen";
				TargetAttributes = {
					2EE31F671E7A99450093116F = {
						CreatedOnToolsVersion = 8.2.1;
						ProvisioningStyle = Automatic;
					};
					2EE31F761E7A99450093116F = {
						CreatedOnToolsVersion = 8.2.1;
						ProvisioningStyle = Automatic;
						TestTargetID = 2EE31F671E7A99450093116F;
					};
					2EE31F811E7A99450093116F = {
						CreatedOnToolsVersion = 8.2.1;
						ProvisioningStyle = Automatic;
						TestTargetID = 2EE31F671E7A99450093116F;
					};
				};
			};
			buildConfigurationList = 2EE31F631E7A99440093116F /* Build configuration list for PBXProject "ProcessChecker_Menubar" */;
			compatibilityVersion = "Xcode 3.2";
			developmentRegion = English;
			hasScannedForEncodings = 0;
			knownRegions = (
				en,
				Base,
			);
			mainGroup = 2EE31F5F1E7A99440093116F;
			productRefGroup = 2EE31F691E7A99450093116F /* Products */;
			projectDirPath = "";
			projectRoot = "";
			targets = (
				2EE31F671E7A99450093116F /* ProcessChecker_Menubar */,
				2EE31F761E7A99450093116F /* ProcessChecker_MenubarTests */,
				2EE31F811E7A99450093116F /* ProcessChecker_MenubarUITests */,
			);
		};
/* End PBXProject section */

/* Begin PBXResourcesBuildPhase section */
		2EE31F661E7A99450093116F /* Resources */ = {
			isa = PBXResourcesBuildPhase;
			buildActionMask = 2147483647;
			files = (
				2EE31F6E1E7A99450093116F /* Assets.xcassets in Resources */,
				2E2BBD8F1E7D9C950068DAF1 /* PreferencesWindow.xib in Resources */,
				2EE31F711E7A99450093116F /* MainMenu.xib in Resources */,
			);
			runOnlyForDeploymentPostprocessing = 0;
		};
		2EE31F751E7A99450093116F /* Resources */ = {
			isa = PBXResourcesBuildPhase;
			buildActionMask = 2147483647;
			files = (
			);
			runOnlyForDeploymentPostprocessing = 0;
		};
		2EE31F801E7A99450093116F /* Resources */ = {
			isa = PBXResourcesBuildPhase;
			buildActionMask = 2147483647;
			files = (
			);
			runOnlyForDeploymentPostprocessing = 0;
		};
/* End PBXResourcesBuildPhase section */

/* Begin PBXSourcesBuildPhase section */
		2EE31F641E7A99450093116F /* Sources */ = {
			isa = PBXSourcesBuildPhase;
			buildActionMask = 2147483647;
			files = (
				2E2BBD8E1E7D9C950068DAF1 /* PreferencesWindow.swift in Sources */,
				2EE31F951E7A9CFD0093116F /* StatusMenuController.swift in Sources */,
				2EE31F6C1E7A99450093116F /* AppDelegate.swift in Sources */,
				2EE31F971E7AA0AC0093116F /* ProcessChecker.swift in Sources */,
			);
			runOnlyForDeploymentPostprocessing = 0;
		};
		2EE31F731E7A99450093116F /* Sources */ = {
			isa = PBXSourcesBuildPhase;
			buildActionMask = 2147483647;
			files = (
				2EE31F7C1E7A99450093116F /* ProcessChecker_MenubarTests.swift in Sources */,
			);
			runOnlyForDeploymentPostprocessing = 0;
		};
		2EE31F7E1E7A99450093116F /* Sources */ = {
			isa = PBXSourcesBuildPhase;
			buildActionMask = 2147483647;
			files = (
				2EE31F871E7A99450093116F /* ProcessChecker_MenubarUITests.swift in Sources */,
			);
			runOnlyForDeploymentPostprocessing = 0;
		};
/* End PBXSourcesBuildPhase section */

/* Begin PBXTargetDependency section */
		2EE31F791E7A99450093116F /* PBXTargetDependency */ = {
			isa = PBXTargetDependency;
			target = 2EE31F671E7A99450093116F /* ProcessChecker_Menubar */;
			targetProxy = 2EE31F781E7A99450093116F /* PBXContainerItemProxy */;
		};
		2EE31F841E7A99450093116F /* PBXTargetDependency */ = {
			isa = PBXTargetDependency;
			target = 2EE31F671E7A99450093116F /* ProcessChecker_Menubar */;
			targetProxy = 2EE31F831E7A99450093116F /* PBXContainerItemProxy */;
		};
/* End PBXTargetDependency section */

/* Begin PBXVariantGroup section */
		2EE31F6F1E7A99450093116F /* MainMenu.xib */ = {
			isa = PBXVariantGroup;
			children = (
				2EE31F701E7A99450093116F /* Base */,
			);
			name = MainMenu.xib;
			sourceTree = "<group>";
		};
/* End PBXVariantGroup section */

/* Begin XCBuildConfiguration section */
		2EE31F891E7A99450093116F /* Debug */ = {
			isa = XCBuildConfiguration;
			buildSettings = {
				ALWAYS_SEARCH_USER_PATHS = NO;
				CLANG_ANALYZER_NONNULL = YES;
				CLANG_CXX_LANGUAGE_STANDARD = "gnu++0x";
				CLANG_CXX_LIBRARY = "libc++";
				CLANG_ENABLE_MODULES = YES;
				CLANG_ENABLE_OBJC_ARC = YES;
				CLANG_WARN_BOOL_CONVERSION = YES;
				CLANG_WARN_CONSTANT_CONVERSION = YES;
				CLANG_WARN_DIRECT_OBJC_ISA_USAGE = YES_ERROR;
				CLANG_WARN_DOCUMENTATION_COMMENTS = YES;
				CLANG_WARN_EMPTY_BODY = YES;
				CLANG_WARN_ENUM_CONVERSION = YES;
				CLANG_WARN_INFINITE_RECURSION = YES;
				CLANG_WARN_INT_CONVERSION = YES;
				CLANG_WARN_OBJC_ROOT_CLASS = YES_ERROR;
				CLANG_WARN_SUSPICIOUS_MOVE = YES;
				CLANG_WARN_UNREACHABLE_CODE = YES;
				CLANG_WARN__DUPLICATE_METHOD_MATCH = YES;
				CODE_SIGN_IDENTITY = "-";
				COPY_PHASE_STRIP = NO;
				DEBUG_INFORMATION_FORMAT = dwarf;
				ENABLE_STRICT_OBJC_MSGSEND = YES;
				ENABLE_TESTABILITY = YES;
				GCC_C_LANGUAGE_STANDARD = gnu99;
				GCC_DYNAMIC_NO_PIC = NO;
				GCC_NO_COMMON_BLOCKS = YES;
				GCC_OPTIMIZATION_LEVEL = 0;
				GCC_PREPROCESSOR_DEFINITIONS = (
					"DEBUG=1",
					"$(inherited)",
				);
				GCC_WARN_64_TO_32_BIT_CONVERSION = YES;
				GCC_WARN_ABOUT_RETURN_TYPE = YES_ERROR;
				GCC_WARN_UNDECLARED_SELECTOR = YES;
				GCC_WARN_UNINITIALIZED_AUTOS = YES_AGGRESSIVE;
				GCC_WARN_UNUSED_FUNCTION = YES;
				GCC_WARN_UNUSED_VARIABLE = YES;
				MACOSX_DEPLOYMENT_TARGET = 10.12;
				MTL_ENABLE_DEBUG_INFO = YES;
				ONLY_ACTIVE_ARCH = YES;
				SDKROOT = macosx;
				SWIFT_ACTIVE_COMPILATION_CONDITIONS = DEBUG;
				SWIFT_OPTIMIZATION_LEVEL = "-Onone";
			};
			name = Debug;
		};
		2EE31F8A1E7A99450093116F /* Release */ = {
			isa = XCBuildConfiguration;
			buildSettings = {
				ALWAYS_SEARCH_USER_PATHS = NO;
				CLANG_ANALYZER_NONNULL = YES;
				CLANG_CXX_LANGUAGE_STANDARD = "gnu++0x";
				CLANG_CXX_LIBRARY = "libc++";
				CLANG_ENABLE_MODULES = YES;
				CLANG_ENABLE_OBJC_ARC = YES;
				CLANG_WARN_BOOL_CONVERSION = YES;
				CLANG_WARN_CONSTANT_CONVERSION = YES;
				CLANG_WARN_DIRECT_OBJC_ISA_USAGE = YES_ERROR;
				CLANG_WARN_DOCUMENTATION_COMMENTS = YES;
				CLANG_WARN_EMPTY_BODY = YES;
				CLANG_WARN_ENUM_CONVERSION = YES;
				CLANG_WARN_INFINITE_RECURSION = YES;
				CLANG_WARN_INT_CONVERSION = YES;
				CLANG_WARN_OBJC_ROOT_CLASS = YES_ERROR;
				CLANG_WARN_SUSPICIOUS_MOVE = YES;
				CLANG_WARN_UNREACHABLE_CODE = YES;
				CLANG_WARN__DUPLICATE_METHOD_MATCH = YES;
				CODE_SIGN_IDENTITY = "-";
				COPY_PHASE_STRIP = NO;
				DEBUG_INFORMATION_FORMAT = "dwarf-with-dsym";
				ENABLE_NS_ASSERTIONS = NO;
				ENABLE_STRICT_OBJC_MSGSEND = YES;
				GCC_C_LANGUAGE_STANDARD = gnu99;
				GCC_NO_COMMON_BLOCKS = YES;
				GCC_WARN_64_TO_32_BIT_CONVERSION = YES;
				GCC_WARN_ABOUT_RETURN_TYPE = YES_ERROR;
				GCC_WARN_UNDECLARED_SELECTOR = YES;
				GCC_WARN_UNINITIALIZED_AUTOS = YES_AGGRESSIVE;
				GCC_WARN_UNUSED_FUNCTION = YES;
				GCC_WARN_UNUSED_VARIABLE = YES;
				MACOSX_DEPLOYMENT_TARGET = 10.12;
				MTL_ENABLE_DEBUG_INFO = NO;
				SDKROOT = macosx;
				SWIFT_OPTIMIZATION_LEVEL = "-Owholemodule";
			};
			name = Release;
		};
		2EE31F8C1E7A99450093116F /* Debug */ = {
			isa = XCBuildConfiguration;
			buildSettings = {
				ASSETCATALOG_COMPILER_APPICON_NAME = AppIcon;
				COMBINE_HIDPI_IMAGES = YES;
				INFOPLIST_FILE = ProcessChecker_Menubar/Info.plist;
				LD_RUNPATH_SEARCH_PATHS = "$(inherited) @executable_path/../Frameworks";
				PRODUCT_BUNDLE_IDENTIFIER = "alexandra.ProcessChecker-Menubar";
				PRODUCT_NAME = "$(TARGET_NAME)";
				SWIFT_VERSION = 3.0;
			};
			name = Debug;
		};
		2EE31F8D1E7A99450093116F /* Release */ = {
			isa = XCBuildConfiguration;
			buildSettings = {
				ASSETCATALOG_COMPILER_APPICON_NAME = AppIcon;
				COMBINE_HIDPI_IMAGES = YES;
				INFOPLIST_FILE = ProcessChecker_Menubar/Info.plist;
				LD_RUNPATH_SEARCH_PATHS = "$(inherited) @executable_path/../Frameworks";
				PRODUCT_BUNDLE_IDENTIFIER = "alexandra.ProcessChecker-Menubar";
				PRODUCT_NAME = "$(TARGET_NAME)";
				SWIFT_VERSION = 3.0;
			};
			name = Release;
		};
		2EE31F8F1E7A99450093116F /* Debug */ = {
			isa = XCBuildConfiguration;
			buildSettings = {
				ALWAYS_EMBED_SWIFT_STANDARD_LIBRARIES = YES;
				BUNDLE_LOADER = "$(TEST_HOST)";
				COMBINE_HIDPI_IMAGES = YES;
				INFOPLIST_FILE = ProcessChecker_MenubarTests/Info.plist;
				LD_RUNPATH_SEARCH_PATHS = "$(inherited) @executable_path/../Frameworks @loader_path/../Frameworks";
				PRODUCT_BUNDLE_IDENTIFIER = "alexandra.ProcessChecker-MenubarTests";
				PRODUCT_NAME = "$(TARGET_NAME)";
				SWIFT_VERSION = 3.0;
				TEST_HOST = "$(BUILT_PRODUCTS_DIR)/ProcessChecker_Menubar.app/Contents/MacOS/ProcessChecker_Menubar";
			};
			name = Debug;
		};
		2EE31F901E7A99450093116F /* Release */ = {
			isa = XCBuildConfiguration;
			buildSettings = {
				ALWAYS_EMBED_SWIFT_STANDARD_LIBRARIES = YES;
				BUNDLE_LOADER = "$(TEST_HOST)";
				COMBINE_HIDPI_IMAGES = YES;
				INFOPLIST_FILE = ProcessChecker_MenubarTests/Info.plist;
				LD_RUNPATH_SEARCH_PATHS = "$(inherited) @executable_path/../Frameworks @loader_path/../Frameworks";
				PRODUCT_BUNDLE_IDENTIFIER = "alexandra.ProcessChecker-MenubarTests";
				PRODUCT_NAME = "$(TARGET_NAME)";
				SWIFT_VERSION = 3.0;
				TEST_HOST = "$(BUILT_PRODUCTS_DIR)/ProcessChecker_Menubar.app/Contents/MacOS/ProcessChecker_Menubar";
			};
			name = Release;
		};
		2EE31F921E7A99450093116F /* Debug */ = {
			isa = XCBuildConfiguration;
			buildSettings = {
				ALWAYS_EMBED_SWIFT_STANDARD_LIBRARIES = YES;
				COMBINE_HIDPI_IMAGES = YES;
				INFOPLIST_FILE = ProcessChecker_MenubarUITests/Info.plist;
				LD_RUNPATH_SEARCH_PATHS = "$(inherited) @executable_path/../Frameworks @loader_path/../Frameworks";
				PRODUCT_BUNDLE_IDENTIFIER = "alexandra.ProcessChecker-MenubarUITests";
				PRODUCT_NAME = "$(TARGET_NAME)";
				SWIFT_VERSION = 3.0;
				TEST_TARGET_NAME = ProcessChecker_Menubar;
			};
			name = Debug;
		};
		2EE31F931E7A99450093116F /* Release */ = {
			isa = XCBuildConfiguration;
			buildSettings = {
				ALWAYS_EMBED_SWIFT_STANDARD_LIBRARIES = YES;
				COMBINE_HIDPI_IMAGES = YES;
				INFOPLIST_FILE = ProcessChecker_MenubarUITests/Info.plist;
				LD_RUNPATH_SEARCH_PATHS = "$(inherited) @executable_path/../Frameworks @loader_path/../Frameworks";
				PRODUCT_BUNDLE_IDENTIFIER = "alexandra.ProcessChecker-MenubarUITests";
				PRODUCT_NAME = "$(TARGET_NAME)";
				SWIFT_VERSION = 3.0;
				TEST_TARGET_NAME = ProcessChecker_Menubar;
			};
			name = Release;
		};
/* End XCBuildConfiguration section */

/* Begin XCConfigurationList section */
		2EE31F631E7A99440093116F /* Build configuration list for PBXProject "ProcessChecker_Menubar" */ = {
			isa = XCConfigurationList;
			buildConfigurations = (
				2EE31F891E7A99450093116F /* Debug */,
				2EE31F8A1E7A99450093116F /* Release */,
			);
			defaultConfigurationIsVisible = 0;
			defaultConfigurationName = Release;
		};
		2EE31F8B1E7A99450093116F /* Build configuration list for PBXNativeTarget "ProcessChecker_Menubar" */ = {
			isa = XCConfigurationList;
			buildConfigurations = (
				2EE31F8C1E7A99450093116F /* Debug */,
				2EE31F8D1E7A99450093116F /* Release */,
			);
			defaultConfigurationIsVisible = 0;
			defaultConfigurationName = Release;
		};
		2EE31F8E1E7A99450093116F /* Build configuration list for PBXNativeTarget "ProcessChecker_MenubarTests" */ = {
			isa = XCConfigurationList;
			buildConfigurations = (
				2EE31F8F1E7A99450093116F /* Debug */,
				2EE31F901E7A99450093116F /* Release */,
			);
			defaultConfigurationIsVisible = 0;
			defaultConfigurationName = Release;
		};
		2EE31F911E7A99450093116F /* Build configuration list for PBXNativeTarget "ProcessChecker_MenubarUITests" */ = {
			isa = XCConfigurationList;
			buildConfigurations = (
				2EE31F921E7A99450093116F /* Debug */,
				2EE31F931E7A99450093116F /* Release */,
			);
			defaultConfigurationIsVisible = 0;
			defaultConfigurationName = Release;
		};
/* End XCConfigurationList section */
	};
	rootObject = 2EE31F601E7A99440093116F /* Project object */;
}
